
Microsoft Visual Studio Solution File, Format Version 12.00
# Visual Studio 2015
Project("{FAE04EC0-301F-11D3-BF4B-00C04F79EFBC}") = "Job Change.CSharp", "Job Change.CSharp.csproj", "{62B15186-5E88-055B-D5F6-C6C39B96EEB2}"
EndProject
Global
	GlobalSection(SolutionConfigurationPlatforms) = preSolution
		Debug|Any CPU = Debug|Any CPU
		Release|Any CPU = Release|Any CPU
	EndGlobalSection
	GlobalSection(ProjectConfigurationPlatforms) = postSolution
		{62B15186-5E88-055B-D5F6-C6C39B96EEB2}.Debug|Any CPU.ActiveCfg = Debug|Any CPU
		{62B15186-5E88-055B-D5F6-C6C39B96EEB2}.Debug|Any CPU.Build.0 = Debug|Any CPU
		{62B15186-5E88-055B-D5F6-C6C39B96EEB2}.Release|Any CPU.ActiveCfg = Release|Any CPU
		{62B15186-5E88-055B-D5F6-C6C39B96EEB2}.Release|Any CPU.Build.0 = Release|Any CPU
	EndGlobalSection
	GlobalSection(SolutionProperties) = preSolution
		HideSolutionNode = FALSE
	EndGlobalSection
EndGlobal
